
Microsoft Visual Studio Solution File, Format Version 12.00
# Visual Studio Version 16
VisualStudioVersion = 16.0.31729.503
MinimumVisualStudioVersion = 15.0.26124.0
Project("{2150E333-8FDC-42A3-9474-1A3956D46DE8}") = "src", "src", "{75940507-1CD8-45F8-86B7-421B71E0B0FF}"
EndProject
Project("{2150E333-8FDC-42A3-9474-1A3956D46DE8}") = "Catalog", "Catalog", "{583CE629-0CB5-4E59-B256-4A4D17BCE896}"
EndProject
Project("{9A19103F-16F7-4668-BE54-9A1E7A4F7556}") = "Catalog.API", "src\Catalog\Catalog.API\Catalog.API.csproj", "{A20FD030-D922-496F-8787-834AEA3C7112}"
EndProject
Project("{2150E333-8FDC-42A3-9474-1A3956D46DE8}") = "Basket", "Basket", "{AA9C187C-EBF9-4B63-BA23-1EF2DFA55D0D}"
EndProject
Project("{9A19103F-16F7-4668-BE54-9A1E7A4F7556}") = "Basket.API", "src\Basket\Basket.API\Basket.API.csproj", "{FB60341F-E9CF-4762-95EB-81B473D32D6E}"
EndProject
Project("{2150E333-8FDC-42A3-9474-1A3956D46DE8}") = "Common", "Common", "{0D003013-E791-4B4E-9E0C-165FD0B5D5CA}"
EndProject
Project("{9A19103F-16F7-4668-BE54-9A1E7A4F7556}") = "EventBusRabbitMQ", "src\Common\EventBusRabbitMQ\EventBusRabbitMQ.csproj", "{43F769D1-7BEB-43B8-B2BE-13185E76A5AF}"
EndProject
Project("{E53339B2-1760-4266-BCC7-CA923CBCF16C}") = "docker-compose", "docker-compose.dcproj", "{E7B98A97-D7AA-44AF-9A38-CA349495A9F0}"
EndProject
Project("{2150E333-8FDC-42A3-9474-1A3956D46DE8}") = "Ordering", "Ordering", "{E2BC698E-23B0-4830-8412-AA4A838EE514}"
EndProject
Project("{9A19103F-16F7-4668-BE54-9A1E7A4F7556}") = "Ordering.API", "src\Ordering\Ordering.API\Ordering.API.csproj", "{E6B4CE58-2A46-4D4F-97A6-0289129F37C9}"
EndProject
Project("{FAE04EC0-301F-11D3-BF4B-00C04F79EFBC}") = "Ordering.Core", "src\Ordering\Ordering.Core\Ordering.Core.csproj", "{E98652E8-5692-43E6-91EB-73028A3F5017}"
EndProject
Project("{FAE04EC0-301F-11D3-BF4B-00C04F79EFBC}") = "Ordering.Infrastructure", "src\Ordering\Ordering.Infrastructure\Ordering.Infrastructure.csproj", "{FED950A4-2209-461D-9B0B-FD2BF309AFD6}"
EndProject
Project("{FAE04EC0-301F-11D3-BF4B-00C04F79EFBC}") = "Ordering.Application", "src\Ordering\Ordering.Application\Ordering.Application.csproj", "{E07165B9-12CE-4109-86C4-01D155700077}"
EndProject
Global
	GlobalSection(SolutionConfigurationPlatforms) = preSolution
		Debug|Any CPU = Debug|Any CPU
		Debug|x64 = Debug|x64
		Debug|x86 = Debug|x86
		Release|Any CPU = Release|Any CPU
		Release|x64 = Release|x64
		Release|x86 = Release|x86
	EndGlobalSection
	GlobalSection(ProjectConfigurationPlatforms) = postSolution
		{A20FD030-D922-496F-8787-834AEA3C7112}.Debug|Any CPU.ActiveCfg = Debug|Any CPU
		{A20FD030-D922-496F-8787-834AEA3C7112}.Debug|Any CPU.Build.0 = Debug|Any CPU
		{A20FD030-D922-496F-8787-834AEA3C7112}.Debug|x64.ActiveCfg = Debug|Any CPU
		{A20FD030-D922-496F-8787-834AEA3C7112}.Debug|x64.Build.0 = Debug|Any CPU
		{A20FD030-D922-496F-8787-834AEA3C7112}.Debug|x86.ActiveCfg = Debug|Any CPU
		{A20FD030-D922-496F-8787-834AEA3C7112}.Debug|x86.Build.0 = Debug|Any CPU
		{A20FD030-D922-496F-8787-834AEA3C7112}.Release|Any CPU.ActiveCfg = Release|Any CPU
		{A20FD030-D922-496F-8787-834AEA3C7112}.Release|Any CPU.Build.0 = Release|Any CPU
		{A20FD030-D922-496F-8787-834AEA3C7112}.Release|x64.ActiveCfg = Release|Any CPU
		{A20FD030-D922-496F-8787-834AEA3C7112}.Release|x64.Build.0 = Release|Any CPU
		{A20FD030-D922-496F-8787-834AEA3C7112}.Release|x86.ActiveCfg = Release|Any CPU
		{A20FD030-D922-496F-8787-834AEA3C7112}.Release|x86.Build.0 = Release|Any CPU
		{FB60341F-E9CF-4762-95EB-81B473D32D6E}.Debug|Any CPU.ActiveCfg = Debug|Any CPU
		{FB60341F-E9CF-4762-95EB-81B473D32D6E}.Debug|Any CPU.Build.0 = Debug|Any CPU
		{FB60341F-E9CF-4762-95EB-81B473D32D6E}.Debug|x64.ActiveCfg = Debug|Any CPU
		{FB60341F-E9CF-4762-95EB-81B473D32D6E}.Debug|x64.Build.0 = Debug|Any CPU
		{FB60341F-E9CF-4762-95EB-81B473D32D6E}.Debug|x86.ActiveCfg = Debug|Any CPU
		{FB60341F-E9CF-4762-95EB-81B473D32D6E}.Debug|x86.Build.0 = Debug|Any CPU
		{FB60341F-E9CF-4762-95EB-81B473D32D6E}.Release|Any CPU.ActiveCfg = Release|Any CPU
		{FB60341F-E9CF-4762-95EB-81B473D32D6E}.Release|Any CPU.Build.0 = Release|Any CPU
		{FB60341F-E9CF-4762-95EB-81B473D32D6E}.Release|x64.ActiveCfg = Release|Any CPU
		{FB60341F-E9CF-4762-95EB-81B473D32D6E}.Release|x64.Build.0 = Release|Any CPU
		{FB60341F-E9CF-4762-95EB-81B473D32D6E}.Release|x86.ActiveCfg = Release|Any CPU
		{FB60341F-E9CF-4762-95EB-81B473D32D6E}.Release|x86.Build.0 = Release|Any CPU
		{43F769D1-7BEB-43B8-B2BE-13185E76A5AF}.Debug|Any CPU.ActiveCfg = Debug|Any CPU
		{43F769D1-7BEB-43B8-B2BE-13185E76A5AF}.Debug|Any CPU.Build.0 = Debug|Any CPU
		{43F769D1-7BEB-43B8-B2BE-13185E76A5AF}.Debug|x64.ActiveCfg = Debug|Any CPU
		{43F769D1-7BEB-43B8-B2BE-13185E76A5AF}.Debug|x64.Build.0 = Debug|Any CPU
		{43F769D1-7BEB-43B8-B2BE-13185E76A5AF}.Debug|x86.ActiveCfg = Debug|Any CPU
		{43F769D1-7BEB-43B8-B2BE-13185E76A5AF}.Debug|x86.Build.0 = Debug|Any CPU
		{43F769D1-7BEB-43B8-B2BE-13185E76A5AF}.Release|Any CPU.ActiveCfg = Release|Any CPU
		{43F769D1-7BEB-43B8-B2BE-13185E76A5AF}.Release|Any CPU.Build.0 = Release|Any CPU
		{43F769D1-7BEB-43B8-B2BE-13185E76A5AF}.Release|x64.ActiveCfg = Release|Any CPU
		{43F769D1-7BEB-43B8-B2BE-13185E76A5AF}.Release|x64.Build.0 = Release|Any CPU
		{43F769D1-7BEB-43B8-B2BE-13185E76A5AF}.Release|x86.ActiveCfg = Release|Any CPU
		{43F769D1-7BEB-43B8-B2BE-13185E76A5AF}.Release|x86.Build.0 = Release|Any CPU
		{E7B98A97-D7AA-44AF-9A38-CA349495A9F0}.Debug|Any CPU.ActiveCfg = Debug|Any CPU
		{E7B98A97-D7AA-44AF-9A38-CA349495A9F0}.Debug|Any CPU.Build.0 = Debug|Any CPU
		{E7B98A97-D7AA-44AF-9A38-CA349495A9F0}.Debug|x64.ActiveCfg = Debug|Any CPU
		{E7B98A97-D7AA-44AF-9A38-CA349495A9F0}.Debug|x64.Build.0 = Debug|Any CPU
		{E7B98A97-D7AA-44AF-9A38-CA349495A9F0}.Debug|x86.ActiveCfg = Debug|Any CPU
		{E7B98A97-D7AA-44AF-9A38-CA349495A9F0}.Debug|x86.Build.0 = Debug|Any CPU
		{E7B98A97-D7AA-44AF-9A38-CA349495A9F0}.Release|Any CPU.ActiveCfg = Release|Any CPU
		{E7B98A97-D7AA-44AF-9A38-CA349495A9F0}.Release|Any CPU.Build.0 = Release|Any CPU
		{E7B98A97-D7AA-44AF-9A38-CA349495A9F0}.Release|x64.ActiveCfg = Release|Any CPU
		{E7B98A97-D7AA-44AF-9A38-CA349495A9F0}.Release|x64.Build.0 = Release|Any CPU
		{E7B98A97-D7AA-44AF-9A38-CA349495A9F0}.Release|x86.ActiveCfg = Release|Any CPU
		{E7B98A97-D7AA-44AF-9A38-CA349495A9F0}.Release|x86.Build.0 = Release|Any CPU
		{E6B4CE58-2A46-4D4F-97A6-0289129F37C9}.Debug|Any CPU.ActiveCfg = Debug|Any CPU
		{E6B4CE58-2A46-4D4F-97A6-0289129F37C9}.Debug|Any CPU.Build.0 = Debug|Any CPU
		{E6B4CE58-2A46-4D4F-97A6-0289129F37C9}.Debug|x64.ActiveCfg = Debug|Any CPU
		{E6B4CE58-2A46-4D4F-97A6-0289129F37C9}.Debug|x64.Build.0 = Debug|Any CPU
		{E6B4CE58-2A46-4D4F-97A6-0289129F37C9}.Debug|x86.ActiveCfg = Debug|Any CPU
		{E6B4CE58-2A46-4D4F-97A6-0289129F37C9}.Debug|x86.Build.0 = Debug|Any CPU
		{E6B4CE58-2A46-4D4F-97A6-0289129F37C9}.Release|Any CPU.ActiveCfg = Release|Any CPU
		{E6B4CE58-2A46-4D4F-97A6-0289129F37C9}.Release|Any CPU.Build.0 = Release|Any CPU
		{E6B4CE58-2A46-4D4F-97A6-0289129F37C9}.Release|x64.ActiveCfg = Release|Any CPU
		{E6B4CE58-2A46-4D4F-97A6-0289129F37C9}.Release|x64.Build.0 = Release|Any CPU
		{E6B4CE58-2A46-4D4F-97A6-0289129F37C9}.Release|x86.ActiveCfg = Release|Any CPU
		{E6B4CE58-2A46-4D4F-97A6-0289129F37C9}.Release|x86.Build.0 = Release|Any CPU
		{E98652E8-5692-43E6-91EB-73028A3F5017}.Debug|Any CPU.ActiveCfg = Debug|Any CPU
		{E98652E8-5692-43E6-91EB-73028A3F5017}.Debug|Any CPU.Build.0 = Debug|Any CPU
		{E98652E8-5692-43E6-91EB-73028A3F5017}.Debug|x64.ActiveCfg = Debug|Any CPU
		{E98652E8-5692-43E6-91EB-73028A3F5017}.Debug|x64.Build.0 = Debug|Any CPU
		{E98652E8-5692-43E6-91EB-73028A3F5017}.Debug|x86.ActiveCfg = Debug|Any CPU
		{E98652E8-5692-43E6-91EB-73028A3F5017}.Debug|x86.Build.0 = Debug|Any CPU
		{E98652E8-5692-43E6-91EB-73028A3F5017}.Release|Any CPU.ActiveCfg = Release|Any CPU
		{E98652E8-5692-43E6-91EB-73028A3F5017}.Release|Any CPU.Build.0 = Release|Any CPU
		{E98652E8-5692-43E6-91EB-73028A3F5017}.Release|x64.ActiveCfg = Release|Any CPU
		{E98652E8-5692-43E6-91EB-73028A3F5017}.Release|x64.Build.0 = Release|Any CPU
		{E98652E8-5692-43E6-91EB-73028A3F5017}.Release|x86.ActiveCfg = Release|Any CPU
		{E98652E8-5692-43E6-91EB-73028A3F5017}.Release|x86.Build.0 = Release|Any CPU
		{FED950A4-2209-461D-9B0B-FD2BF309AFD6}.Debug|Any CPU.ActiveCfg = Debug|Any CPU
		{FED950A4-2209-461D-9B0B-FD2BF309AFD6}.Debug|Any CPU.Build.0 = Debug|Any CPU
		{FED950A4-2209-461D-9B0B-FD2BF309AFD6}.Debug|x64.ActiveCfg = Debug|Any CPU
		{FED950A4-2209-461D-9B0B-FD2BF309AFD6}.Debug|x64.Build.0 = Debug|Any CPU
		{FED950A4-2209-461D-9B0B-FD2BF309AFD6}.Debug|x86.ActiveCfg = Debug|Any CPU
		{FED950A4-2209-461D-9B0B-FD2BF309AFD6}.Debug|x86.Build.0 = Debug|Any CPU
		{FED950A4-2209-461D-9B0B-FD2BF309AFD6}.Release|Any CPU.ActiveCfg = Release|Any CPU
		{FED950A4-2209-461D-9B0B-FD2BF309AFD6}.Release|Any CPU.Build.0 = Release|Any CPU
		{FED950A4-2209-461D-9B0B-FD2BF309AFD6}.Release|x64.ActiveCfg = Release|Any CPU
		{FED950A4-2209-461D-9B0B-FD2BF309AFD6}.Release|x64.Build.0 = Release|Any CPU
		{FED950A4-2209-461D-9B0B-FD2BF309AFD6}.Release|x86.ActiveCfg = Release|Any CPU
		{FED950A4-2209-461D-9B0B-FD2BF309AFD6}.Release|x86.Build.0 = Release|Any CPU
		{E07165B9-12CE-4109-86C4-01D155700077}.Debug|Any CPU.ActiveCfg = Debug|Any CPU
		{E07165B9-12CE-4109-86C4-01D155700077}.Debug|Any CPU.Build.0 = Debug|Any CPU
		{E07165B9-12CE-4109-86C4-01D155700077}.Debug|x64.ActiveCfg = Debug|Any CPU
		{E07165B9-12CE-4109-86C4-01D155700077}.Debug|x64.Build.0 = Debug|Any CPU
		{E07165B9-12CE-4109-86C4-01D155700077}.Debug|x86.ActiveCfg = Debug|Any CPU
		{E07165B9-12CE-4109-86C4-01D155700077}.Debug|x86.Build.0 = Debug|Any CPU
		{E07165B9-12CE-4109-86C4-01D155700077}.Release|Any CPU.ActiveCfg = Release|Any CPU
		{E07165B9-12CE-4109-86C4-01D155700077}.Release|Any CPU.Build.0 = Release|Any CPU
		{E07165B9-12CE-4109-86C4-01D155700077}.Release|x64.ActiveCfg = Release|Any CPU
		{E07165B9-12CE-4109-86C4-01D155700077}.Release|x64.Build.0 = Release|Any CPU
		{E07165B9-12CE-4109-86C4-01D155700077}.Release|x86.ActiveCfg = Release|Any CPU
		{E07165B9-12CE-4109-86C4-01D155700077}.Release|x86.Build.0 = Release|Any CPU
	EndGlobalSection
	GlobalSection(SolutionProperties) = preSolution
		HideSolutionNode = FALSE
	EndGlobalSection
	GlobalSection(NestedProjects) = preSolution
		{583CE629-0CB5-4E59-B256-4A4D17BCE896} = {75940507-1CD8-45F8-86B7-421B71E0B0FF}
		{A20FD030-D922-496F-8787-834AEA3C7112} = {583CE629-0CB5-4E59-B256-4A4D17BCE896}
		{AA9C187C-EBF9-4B63-BA23-1EF2DFA55D0D} = {75940507-1CD8-45F8-86B7-421B71E0B0FF}
		{FB60341F-E9CF-4762-95EB-81B473D32D6E} = {AA9C187C-EBF9-4B63-BA23-1EF2DFA55D0D}
		{0D003013-E791-4B4E-9E0C-165FD0B5D5CA} = {75940507-1CD8-45F8-86B7-421B71E0B0FF}
		{43F769D1-7BEB-43B8-B2BE-13185E76A5AF} = {0D003013-E791-4B4E-9E0C-165FD0B5D5CA}
		{E2BC698E-23B0-4830-8412-AA4A838EE514} = {75940507-1CD8-45F8-86B7-421B71E0B0FF}
		{E6B4CE58-2A46-4D4F-97A6-0289129F37C9} = {E2BC698E-23B0-4830-8412-AA4A838EE514}
		{E98652E8-5692-43E6-91EB-73028A3F5017} = {E2BC698E-23B0-4830-8412-AA4A838EE514}
		{FED950A4-2209-461D-9B0B-FD2BF309AFD6} = {E2BC698E-23B0-4830-8412-AA4A838EE514}
		{E07165B9-12CE-4109-86C4-01D155700077} = {E2BC698E-23B0-4830-8412-AA4A838EE514}
	EndGlobalSection
	GlobalSection(ExtensibilityGlobals) = postSolution
		SolutionGuid = {24CE0BD2-DEB9-42DB-99B2-F4273E99F1D6}
	EndGlobalSection
EndGlobal
